
Microsoft Visual Studio Solution File, Format Version 12.00
# Visual Studio Version 16
VisualStudioVersion = 16.0.31321.278
MinimumVisualStudioVersion = 10.0.40219.1
Project("{FAE04EC0-301F-11D3-BF4B-00C04F79EFBC}") = "ERPTeste", "ERPTeste\ERPTeste.csproj", "{C1E031BC-0B0C-4694-BC5B-AC0A53BCD560}"
EndProject
Global
	GlobalSection(SolutionConfigurationPlatforms) = preSolution
		Debug|Any CPU = Debug|Any CPU
		Release|Any CPU = Release|Any CPU
	EndGlobalSection
	GlobalSection(ProjectConfigurationPlatforms) = postSolution
		{C1E031BC-0B0C-4694-BC5B-AC0A53BCD560}.Debug|Any CPU.ActiveCfg = Debug|Any CPU
		{C1E031BC-0B0C-4694-BC5B-AC0A53BCD560}.Debug|Any CPU.Build.0 = Debug|Any CPU
		{C1E031BC-0B0C-4694-BC5B-AC0A53BCD560}.Release|Any CPU.ActiveCfg = Release|Any CPU
		{C1E031BC-0B0C-4694-BC5B-AC0A53BCD560}.Release|Any CPU.Build.0 = Release|Any CPU
	EndGlobalSection
	GlobalSection(SolutionProperties) = preSolution
		HideSolutionNode = FALSE
	EndGlobalSection
	GlobalSection(ExtensibilityGlobals) = postSolution
		SolutionGuid = {23290F8B-2BA4-47C2-AD15-2F320FF79587}
	EndGlobalSection
EndGlobal
